// !$*UTF8*$!
{
	archiveVersion = 1;
	classes = {
	};
	objectVersion = 55;
	objects = {

/* Begin PBXBuildFile section */
		CE478BFC28577CA000625650 /* AutoService.swift in Sources */ = {isa = PBXBuildFile; fileRef = CE478BFB28577CA000625650 /* AutoService.swift */; };
		CE478BFE28577D7000625650 /* AutoPresenter.swift in Sources */ = {isa = PBXBuildFile; fileRef = CE478BFD28577D7000625650 /* AutoPresenter.swift */; };
		CE478C0028577DA400625650 /* AutoModel.swift in Sources */ = {isa = PBXBuildFile; fileRef = CE478BFF28577DA400625650 /* AutoModel.swift */; };
		CE478C02285780A000625650 /* NetworkErrors.swift in Sources */ = {isa = PBXBuildFile; fileRef = CE478C01285780A000625650 /* NetworkErrors.swift */; };
		CE478C04285794B200625650 /* AutoAlertsFabricPresentable.swift in Sources */ = {isa = PBXBuildFile; fileRef = CE478C03285794B200625650 /* AutoAlertsFabricPresentable.swift */; };
		CE478C072857A5B100625650 /* BrandTableHeaderView.swift in Sources */ = {isa = PBXBuildFile; fileRef = CE478C062857A5B100625650 /* BrandTableHeaderView.swift */; };
		CE478C092857A5D500625650 /* CarTableViewCell.swift in Sources */ = {isa = PBXBuildFile; fileRef = CE478C082857A5D500625650 /* CarTableViewCell.swift */; };
		CEEA07992856427000B72CAF /* AppDelegate.swift in Sources */ = {isa = PBXBuildFile; fileRef = CEEA07982856427000B72CAF /* AppDelegate.swift */; };
		CEEA079B2856427000B72CAF /* SceneDelegate.swift in Sources */ = {isa = PBXBuildFile; fileRef = CEEA079A2856427000B72CAF /* SceneDelegate.swift */; };
		CEEA079D2856427000B72CAF /* AutoViewController.swift in Sources */ = {isa = PBXBuildFile; fileRef = CEEA079C2856427000B72CAF /* AutoViewController.swift */; };
		CEEA07A02856427000B72CAF /* Main.storyboard in Resources */ = {isa = PBXBuildFile; fileRef = CEEA079E2856427000B72CAF /* Main.storyboard */; };
		CEEA07A22856427200B72CAF /* Assets.xcassets in Resources */ = {isa = PBXBuildFile; fileRef = CEEA07A12856427200B72CAF /* Assets.xcassets */; };
		CEEA07A52856427300B72CAF /* LaunchScreen.storyboard in Resources */ = {isa = PBXBuildFile; fileRef = CEEA07A32856427300B72CAF /* LaunchScreen.storyboard */; };
/* End PBXBuildFile section */

/* Begin PBXFileReference section */
		CE478BFB28577CA000625650 /* AutoService.swift */ = {isa = PBXFileReference; lastKnownFileType = sourcecode.swift; path = AutoService.swift; sourceTree = "<group>"; };
		CE478BFD28577D7000625650 /* AutoPresenter.swift */ = {isa = PBXFileReference; lastKnownFileType = sourcecode.swift; path = AutoPresenter.swift; sourceTree = "<group>"; };
		CE478BFF28577DA400625650 /* AutoModel.swift */ = {isa = PBXFileReference; lastKnownFileType = sourcecode.swift; path = AutoModel.swift; sourceTree = "<group>"; };
		CE478C01285780A000625650 /* NetworkErrors.swift */ = {isa = PBXFileReference; lastKnownFileType = sourcecode.swift; path = NetworkErrors.swift; sourceTree = "<group>"; };
		CE478C03285794B200625650 /* AutoAlertsFabricPresentable.swift */ = {isa = PBXFileReference; lastKnownFileType = sourcecode.swift; path = AutoAlertsFabricPresentable.swift; sourceTree = "<group>"; };
		CE478C062857A5B100625650 /* BrandTableHeaderView.swift */ = {isa = PBXFileReference; lastKnownFileType = sourcecode.swift; path = BrandTableHeaderView.swift; sourceTree = "<group>"; };
		CE478C082857A5D500625650 /* CarTableViewCell.swift */ = {isa = PBXFileReference; lastKnownFileType = sourcecode.swift; path = CarTableViewCell.swift; sourceTree = "<group>"; };
		CEEA07952856427000B72CAF /* testBet.app */ = {isa = PBXFileReference; explicitFileType = wrapper.application; includeInIndex = 0; path = testBet.app; sourceTree = BUILT_PRODUCTS_DIR; };
		CEEA07982856427000B72CAF /* AppDelegate.swift */ = {isa = PBXFileReference; lastKnownFileType = sourcecode.swift; path = AppDelegate.swift; sourceTree = "<group>"; };
		CEEA079A2856427000B72CAF /* SceneDelegate.swift */ = {isa = PBXFileReference; lastKnownFileType = sourcecode.swift; path = SceneDelegate.swift; sourceTree = "<group>"; };
		CEEA079C2856427000B72CAF /* AutoViewController.swift */ = {isa = PBXFileReference; lastKnownFileType = sourcecode.swift; path = AutoViewController.swift; sourceTree = "<group>"; };
		CEEA079F2856427000B72CAF /* Base */ = {isa = PBXFileReference; lastKnownFileType = file.storyboard; name = Base; path = Base.lproj/Main.storyboard; sourceTree = "<group>"; };
		CEEA07A12856427200B72CAF /* Assets.xcassets */ = {isa = PBXFileReference; lastKnownFileType = folder.assetcatalog; path = Assets.xcassets; sourceTree = "<group>"; };
		CEEA07A42856427300B72CAF /* Base */ = {isa = PBXFileReference; lastKnownFileType = file.storyboard; name = Base; path = Base.lproj/LaunchScreen.storyboard; sourceTree = "<group>"; };
		CEEA07A62856427300B72CAF /* Info.plist */ = {isa = PBXFileReference; lastKnownFileType = text.plist.xml; path = Info.plist; sourceTree = "<group>"; };
/* End PBXFileReference section */

/* Begin PBXFrameworksBuildPhase section */
		CEEA07922856427000B72CAF /* Frameworks */ = {
			isa = PBXFrameworksBuildPhase;
			buildActionMask = 2147483647;
			files = (
			);
			runOnlyForDeploymentPostprocessing = 0;
		};
/* End PBXFrameworksBuildPhase section */

/* Begin PBXGroup section */
		CE478BF828577BEB00625650 /* AutoPresenter */ = {
			isa = PBXGroup;
			children = (
				CE478BFD28577D7000625650 /* AutoPresenter.swift */,
			);
			path = AutoPresenter;
			sourceTree = "<group>";
		};
		CE478BF928577BFC00625650 /* AutoViewController */ = {
			isa = PBXGroup;
			children = (
				CE478C052857A58000625650 /* Cells */,
				CEEA079C2856427000B72CAF /* AutoViewController.swift */,
				CE478C03285794B200625650 /* AutoAlertsFabricPresentable.swift */,
			);
			path = AutoViewController;
			sourceTree = "<group>";
		};
		CE478BFA28577C1700625650 /* AutoService */ = {
			isa = PBXGroup;
			children = (
				CE478BFF28577DA400625650 /* AutoModel.swift */,
				CE478BFB28577CA000625650 /* AutoService.swift */,
				CE478C01285780A000625650 /* NetworkErrors.swift */,
			);
			path = AutoService;
			sourceTree = "<group>";
		};
		CE478C052857A58000625650 /* Cells */ = {
			isa = PBXGroup;
			children = (
				CE478C062857A5B100625650 /* BrandTableHeaderView.swift */,
				CE478C082857A5D500625650 /* CarTableViewCell.swift */,
			);
			path = Cells;
			sourceTree = "<group>";
		};
		CEEA078C2856427000B72CAF = {
			isa = PBXGroup;
			children = (
				CEEA07972856427000B72CAF /* testBet */,
				CEEA07962856427000B72CAF /* Products */,
			);
			sourceTree = "<group>";
		};
		CEEA07962856427000B72CAF /* Products */ = {
			isa = PBXGroup;
			children = (
				CEEA07952856427000B72CAF /* testBet.app */,
			);
			name = Products;
			sourceTree = "<group>";
		};
		CEEA07972856427000B72CAF /* testBet */ = {
			isa = PBXGroup;
			children = (
				CE478BFA28577C1700625650 /* AutoService */,
				CE478BF928577BFC00625650 /* AutoViewController */,
				CE478BF828577BEB00625650 /* AutoPresenter */,
				CEEA079A2856427000B72CAF /* SceneDelegate.swift */,
				CEEA07982856427000B72CAF /* AppDelegate.swift */,
				CEEA079E2856427000B72CAF /* Main.storyboard */,
				CEEA07A12856427200B72CAF /* Assets.xcassets */,
				CEEA07A32856427300B72CAF /* LaunchScreen.storyboard */,
				CEEA07A62856427300B72CAF /* Info.plist */,
			);
			path = testBet;
			sourceTree = "<group>";
		};
/* End PBXGroup section */

/* Begin PBXNativeTarget section */
		CEEA07942856427000B72CAF /* testBet */ = {
			isa = PBXNativeTarget;
			buildConfigurationList = CEEA07A92856427300B72CAF /* Build configuration list for PBXNativeTarget "testBet" */;
			buildPhases = (
				CEEA07912856427000B72CAF /* Sources */,
				CEEA07922856427000B72CAF /* Frameworks */,
				CEEA07932856427000B72CAF /* Resources */,
			);
			buildRules = (
			);
			dependencies = (
			);
			name = testBet;
			productName = testBet;
			productReference = CEEA07952856427000B72CAF /* testBet.app */;
			productType = "com.apple.product-type.application";
		};
/* End PBXNativeTarget section */

/* Begin PBXProject section */
		CEEA078D2856427000B72CAF /* Project object */ = {
			isa = PBXProject;
			attributes = {
				BuildIndependentTargetsInParallel = 1;
				LastSwiftUpdateCheck = 1340;
				LastUpgradeCheck = 1340;
				TargetAttributes = {
					CEEA07942856427000B72CAF = {
						CreatedOnToolsVersion = 13.4;
					};
				};
			};
			buildConfigurationList = CEEA07902856427000B72CAF /* Build configuration list for PBXProject "testBet" */;
			compatibilityVersion = "Xcode 13.0";
			developmentRegion = en;
			hasScannedForEncodings = 0;
			knownRegions = (
				en,
				Base,
			);
			mainGroup = CEEA078C2856427000B72CAF;
			productRefGroup = CEEA07962856427000B72CAF /* Products */;
			projectDirPath = "";
			projectRoot = "";
			targets = (
				CEEA07942856427000B72CAF /* testBet */,
			);
		};
/* End PBXProject section */

/* Begin PBXResourcesBuildPhase section */
		CEEA07932856427000B72CAF /* Resources */ = {
			isa = PBXResourcesBuildPhase;
			buildActionMask = 2147483647;
			files = (
				CEEA07A52856427300B72CAF /* LaunchScreen.storyboard in Resources */,
				CEEA07A22856427200B72CAF /* Assets.xcassets in Resources */,
				CEEA07A02856427000B72CAF /* Main.storyboard in Resources */,
			);
			runOnlyForDeploymentPostprocessing = 0;
		};
/* End PBXResourcesBuildPhase section */

/* Begin PBXSourcesBuildPhase section */
		CEEA07912856427000B72CAF /* Sources */ = {
			isa = PBXSourcesBuildPhase;
			buildActionMask = 2147483647;
			files = (
				CE478C072857A5B100625650 /* BrandTableHeaderView.swift in Sources */,
				CE478C0028577DA400625650 /* AutoModel.swift in Sources */,
				CE478BFE28577D7000625650 /* AutoPresenter.swift in Sources */,
				CEEA079D2856427000B72CAF /* AutoViewController.swift in Sources */,
				CE478C092857A5D500625650 /* CarTableViewCell.swift in Sources */,
				CE478C02285780A000625650 /* NetworkErrors.swift in Sources */,
				CE478C04285794B200625650 /* AutoAlertsFabricPresentable.swift in Sources */,
				CEEA07992856427000B72CAF /* AppDelegate.swift in Sources */,
				CE478BFC28577CA000625650 /* AutoService.swift in Sources */,
				CEEA079B2856427000B72CAF /* SceneDelegate.swift in Sources */,
			);
			runOnlyForDeploymentPostprocessing = 0;
		};
/* End PBXSourcesBuildPhase section */

/* Begin PBXVariantGroup section */
		CEEA079E2856427000B72CAF /* Main.storyboard */ = {
			isa = PBXVariantGroup;
			children = (
				CEEA079F2856427000B72CAF /* Base */,
			);
			name = Main.storyboard;
			sourceTree = "<group>";
		};
		CEEA07A32856427300B72CAF /* LaunchScreen.storyboard */ = {
			isa = PBXVariantGroup;
			children = (
				CEEA07A42856427300B72CAF /* Base */,
			);
			name = LaunchScreen.storyboard;
			sourceTree = "<group>";
		};
/* End PBXVariantGroup section */

/* Begin XCBuildConfiguration section */
		CEEA07A72856427300B72CAF /* Debug */ = {
			isa = XCBuildConfiguration;
			buildSettings = {
				ALWAYS_SEARCH_USER_PATHS = NO;
				CLANG_ANALYZER_NONNULL = YES;
				CLANG_ANALYZER_NUMBER_OBJECT_CONVERSION = YES_AGGRESSIVE;
				CLANG_CXX_LANGUAGE_STANDARD = "gnu++17";
				CLANG_ENABLE_MODULES = YES;
				CLANG_ENABLE_OBJC_ARC = YES;
				CLANG_ENABLE_OBJC_WEAK = YES;
				CLANG_WARN_BLOCK_CAPTURE_AUTORELEASING = YES;
				CLANG_WARN_BOOL_CONVERSION = YES;
				CLANG_WARN_COMMA = YES;
				CLANG_WARN_CONSTANT_CONVERSION = YES;
				CLANG_WARN_DEPRECATED_OBJC_IMPLEMENTATIONS = YES;
				CLANG_WARN_DIRECT_OBJC_ISA_USAGE = YES_ERROR;
				CLANG_WARN_DOCUMENTATION_COMMENTS = YES;
				CLANG_WARN_EMPTY_BODY = YES;
				CLANG_WARN_ENUM_CONVERSION = YES;
				CLANG_WARN_INFINITE_RECURSION = YES;
				CLANG_WARN_INT_CONVERSION = YES;
				CLANG_WARN_NON_LITERAL_NULL_CONVERSION = YES;
				CLANG_WARN_OBJC_IMPLICIT_RETAIN_SELF = YES;
				CLANG_WARN_OBJC_LITERAL_CONVERSION = YES;
				CLANG_WARN_OBJC_ROOT_CLASS = YES_ERROR;
				CLANG_WARN_QUOTED_INCLUDE_IN_FRAMEWORK_HEADER = YES;
				CLANG_WARN_RANGE_LOOP_ANALYSIS = YES;
				CLANG_WARN_STRICT_PROTOTYPES = YES;
				CLANG_WARN_SUSPICIOUS_MOVE = YES;
				CLANG_WARN_UNGUARDED_AVAILABILITY = YES_AGGRESSIVE;
				CLANG_WARN_UNREACHABLE_CODE = YES;
				CLANG_WARN__DUPLICATE_METHOD_MATCH = YES;
				COPY_PHASE_STRIP = NO;
				DEBUG_INFORMATION_FORMAT = dwarf;
				ENABLE_STRICT_OBJC_MSGSEND = YES;
				ENABLE_TESTABILITY = YES;
				GCC_C_LANGUAGE_STANDARD = gnu11;
				GCC_DYNAMIC_NO_PIC = NO;
				GCC_NO_COMMON_BLOCKS = YES;
				GCC_OPTIMIZATION_LEVEL = 0;
				GCC_PREPROCESSOR_DEFINITIONS = (
					"DEBUG=1",
					"$(inherited)",
				);
				GCC_WARN_64_TO_32_BIT_CONVERSION = YES;
				GCC_WARN_ABOUT_RETURN_TYPE = YES_ERROR;
				GCC_WARN_UNDECLARED_SELECTOR = YES;
				GCC_WARN_UNINITIALIZED_AUTOS = YES_AGGRESSIVE;
				GCC_WARN_UNUSED_FUNCTION = YES;
				GCC_WARN_UNUSED_VARIABLE = YES;
				IPHONEOS_DEPLOYMENT_TARGET = 15.5;
				MTL_ENABLE_DEBUG_INFO = INCLUDE_SOURCE;
				MTL_FAST_MATH = YES;
				ONLY_ACTIVE_ARCH = YES;
				SDKROOT = iphoneos;
				SWIFT_ACTIVE_COMPILATION_CONDITIONS = DEBUG;
				SWIFT_OPTIMIZATION_LEVEL = "-Onone";
			};
			name = Debug;
		};
		CEEA07A82856427300B72CAF /* Release */ = {
			isa = XCBuildConfiguration;
			buildSettings = {
				ALWAYS_SEARCH_USER_PATHS = NO;
				CLANG_ANALYZER_NONNULL = YES;
				CLANG_ANALYZER_NUMBER_OBJECT_CONVERSION = YES_AGGRESSIVE;
				CLANG_CXX_LANGUAGE_STANDARD = "gnu++17";
				CLANG_ENABLE_MODULES = YES;
				CLANG_ENABLE_OBJC_ARC = YES;
				CLANG_ENABLE_OBJC_WEAK = YES;
				CLANG_WARN_BLOCK_CAPTURE_AUTORELEASING = YES;
				CLANG_WARN_BOOL_CONVERSION = YES;
				CLANG_WARN_COMMA = YES;
				CLANG_WARN_CONSTANT_CONVERSION = YES;
				CLANG_WARN_DEPRECATED_OBJC_IMPLEMENTATIONS = YES;
				CLANG_WARN_DIRECT_OBJC_ISA_USAGE = YES_ERROR;
				CLANG_WARN_DOCUMENTATION_COMMENTS = YES;
				CLANG_WARN_EMPTY_BODY = YES;
				CLANG_WARN_ENUM_CONVERSION = YES;
				CLANG_WARN_INFINITE_RECURSION = YES;
				CLANG_WARN_INT_CONVERSION = YES;
				CLANG_WARN_NON_LITERAL_NULL_CONVERSION = YES;
				CLANG_WARN_OBJC_IMPLICIT_RETAIN_SELF = YES;
				CLANG_WARN_OBJC_LITERAL_CONVERSION = YES;
				CLANG_WARN_OBJC_ROOT_CLASS = YES_ERROR;
				CLANG_WARN_QUOTED_INCLUDE_IN_FRAMEWORK_HEADER = YES;
				CLANG_WARN_RANGE_LOOP_ANALYSIS = YES;
				CLANG_WARN_STRICT_PROTOTYPES = YES;
				CLANG_WARN_SUSPICIOUS_MOVE = YES;
				CLANG_WARN_UNGUARDED_AVAILABILITY = YES_AGGRESSIVE;
				CLANG_WARN_UNREACHABLE_CODE = YES;
				CLANG_WARN__DUPLICATE_METHOD_MATCH = YES;
				COPY_PHASE_STRIP = NO;
				DEBUG_INFORMATION_FORMAT = "dwarf-with-dsym";
				ENABLE_NS_ASSERTIONS = NO;
				ENABLE_STRICT_OBJC_MSGSEND = YES;
				GCC_C_LANGUAGE_STANDARD = gnu11;
				GCC_NO_COMMON_BLOCKS = YES;
				GCC_WARN_64_TO_32_BIT_CONVERSION = YES;
				GCC_WARN_ABOUT_RETURN_TYPE = YES_ERROR;
				GCC_WARN_UNDECLARED_SELECTOR = YES;
				GCC_WARN_UNINITIALIZED_AUTOS = YES_AGGRESSIVE;
				GCC_WARN_UNUSED_FUNCTION = YES;
				GCC_WARN_UNUSED_VARIABLE = YES;
				IPHONEOS_DEPLOYMENT_TARGET = 15.5;
				MTL_ENABLE_DEBUG_INFO = NO;
				MTL_FAST_MATH = YES;
				SDKROOT = iphoneos;
				SWIFT_COMPILATION_MODE = wholemodule;
				SWIFT_OPTIMIZATION_LEVEL = "-O";
				VALIDATE_PRODUCT = YES;
			};
			name = Release;
		};
		CEEA07AA2856427300B72CAF /* Debug */ = {
			isa = XCBuildConfiguration;
			buildSettings = {
				ASSETCATALOG_COMPILER_APPICON_NAME = AppIcon;
				ASSETCATALOG_COMPILER_GLOBAL_ACCENT_COLOR_NAME = AccentColor;
				CODE_SIGN_STYLE = Automatic;
				CURRENT_PROJECT_VERSION = 1;
				DEVELOPMENT_TEAM = 993C8Z6CX7;
				GENERATE_INFOPLIST_FILE = YES;
				INFOPLIST_FILE = testBet/Info.plist;
				INFOPLIST_KEY_UIApplicationSupportsIndirectInputEvents = YES;
				INFOPLIST_KEY_UILaunchStoryboardName = LaunchScreen;
				INFOPLIST_KEY_UIMainStoryboardFile = Main;
				INFOPLIST_KEY_UISupportedInterfaceOrientations_iPad = "UIInterfaceOrientationPortrait UIInterfaceOrientationPortraitUpsideDown UIInterfaceOrientationLandscapeLeft UIInterfaceOrientationLandscapeRight";
				INFOPLIST_KEY_UISupportedInterfaceOrientations_iPhone = "UIInterfaceOrientationPortrait UIInterfaceOrientationLandscapeLeft UIInterfaceOrientationLandscapeRight";
				IPHONEOS_DEPLOYMENT_TARGET = 15.2;
				LD_RUNPATH_SEARCH_PATHS = (
					"$(inherited)",
					"@executable_path/Frameworks",
				);
				MARKETING_VERSION = 1.0;
				PRODUCT_BUNDLE_IDENTIFIER = tohaInc.testBet;
				PRODUCT_NAME = "$(TARGET_NAME)";
				SWIFT_EMIT_LOC_STRINGS = YES;
				SWIFT_VERSION = 5.0;
				TARGETED_DEVICE_FAMILY = "1,2";
			};
			name = Debug;
		};
		CEEA07AB2856427300B72CAF /* Release */ = {
			isa = XCBuildConfiguration;
			buildSettings = {
				ASSETCATALOG_COMPILER_APPICON_NAME = AppIcon;
				ASSETCATALOG_COMPILER_GLOBAL_ACCENT_COLOR_NAME = AccentColor;
				CODE_SIGN_STYLE = Automatic;
				CURRENT_PROJECT_VERSION = 1;
				DEVELOPMENT_TEAM = 993C8Z6CX7;
				GENERATE_INFOPLIST_FILE = YES;
				INFOPLIST_FILE = testBet/Info.plist;
				INFOPLIST_KEY_UIApplicationSupportsIndirectInputEvents = YES;
				INFOPLIST_KEY_UILaunchStoryboardName = LaunchScreen;
				INFOPLIST_KEY_UIMainStoryboardFile = Main;
				INFOPLIST_KEY_UISupportedInterfaceOrientations_iPad = "UIInterfaceOrientationPortrait UIInterfaceOrientationPortraitUpsideDown UIInterfaceOrientationLandscapeLeft UIInterfaceOrientationLandscapeRight";
				INFOPLIST_KEY_UISupportedInterfaceOrientations_iPhone = "UIInterfaceOrientationPortrait UIInterfaceOrientationLandscapeLeft UIInterfaceOrientationLandscapeRight";
				IPHONEOS_DEPLOYMENT_TARGET = 15.2;
				LD_RUNPATH_SEARCH_PATHS = (
					"$(inherited)",
					"@executable_path/Frameworks",
				);
				MARKETING_VERSION = 1.0;
				PRODUCT_BUNDLE_IDENTIFIER = tohaInc.testBet;
				PRODUCT_NAME = "$(TARGET_NAME)";
				SWIFT_EMIT_LOC_STRINGS = YES;
				SWIFT_VERSION = 5.0;
				TARGETED_DEVICE_FAMILY = "1,2";
			};
			name = Release;
		};
/* End XCBuildConfiguration section */

/* Begin XCConfigurationList section */
		CEEA07902856427000B72CAF /* Build configuration list for PBXProject "testBet" */ = {
			isa = XCConfigurationList;
			buildConfigurations = (
				CEEA07A72856427300B72CAF /* Debug */,
				CEEA07A82856427300B72CAF /* Release */,
			);
			defaultConfigurationIsVisible = 0;
			defaultConfigurationName = Release;
		};
		CEEA07A92856427300B72CAF /* Build configuration list for PBXNativeTarget "testBet" */ = {
			isa = XCConfigurationList;
			buildConfigurations = (
				CEEA07AA2856427300B72CAF /* Debug */,
				CEEA07AB2856427300B72CAF /* Release */,
			);
			defaultConfigurationIsVisible = 0;
			defaultConfigurationName = Release;
		};
/* End XCConfigurationList section */
	};
	rootObject = CEEA078D2856427000B72CAF /* Project object */;
}
